
Microsoft Visual Studio Solution File, Format Version 12.00
# Visual Studio Version 17
VisualStudioVersion = 17.9.34723.18
MinimumVisualStudioVersion = 10.0.40219.1
Project("{FAE04EC0-301F-11D3-BF4B-00C04F79EFBC}") = "CSharp GitBranchManager", "CSharp GitBranchManager\CSharp GitBranchManager.csproj", "{44E1BA01-FCF5-4430-B8A0-D1798D9B4F31}"
EndProject
Global
	GlobalSection(SolutionConfigurationPlatforms) = preSolution
		Debug|Any CPU = Debug|Any CPU
		Release|Any CPU = Release|Any CPU
	EndGlobalSection
	GlobalSection(ProjectConfigurationPlatforms) = postSolution
		{44E1BA01-FCF5-4430-B8A0-D1798D9B4F31}.Debug|Any CPU.ActiveCfg = Debug|Any CPU
		{44E1BA01-FCF5-4430-B8A0-D1798D9B4F31}.Debug|Any CPU.Build.0 = Debug|Any CPU
		{44E1BA01-FCF5-4430-B8A0-D1798D9B4F31}.Release|Any CPU.ActiveCfg = Release|Any CPU
		{44E1BA01-FCF5-4430-B8A0-D1798D9B4F31}.Release|Any CPU.Build.0 = Release|Any CPU
	EndGlobalSection
	GlobalSection(SolutionProperties) = preSolution
		HideSolutionNode = FALSE
	EndGlobalSection
	GlobalSection(ExtensibilityGlobals) = postSolution
		SolutionGuid = {543EC4FD-8674-4355-BB77-3E587DF54FF1}
	EndGlobalSection
EndGlobal
