
Microsoft Visual Studio Solution File, Format Version 12.00
# Visual Studio Version 17
VisualStudioVersion = 17.9.34723.18
MinimumVisualStudioVersion = 10.0.40219.1
Project("{9A19103F-16F7-4668-BE54-9A1E7A4F7556}") = "CSharp GitBranchManager", "CSharp GitBranchManager\CSharp GitBranchManager.csproj", "{44E1BA01-FCF5-4430-B8A0-D1798D9B4F31}"
EndProject
Project("{2150E333-8FDC-42A3-9474-1A3956D46DE8}") = "Solution Items", "Solution Items", "{714D261D-7E03-478C-9B8C-8D9AED08427A}"
	ProjectSection(SolutionItems) = preProject
		.editorconfig = .editorconfig
		CodeMaid.config = CodeMaid.config
	EndProjectSection
EndProject
Global
	GlobalSection(SolutionConfigurationPlatforms) = preSolution
		Debug|Any CPU = Debug|Any CPU
		Release|Any CPU = Release|Any CPU
	EndGlobalSection
	GlobalSection(ProjectConfigurationPlatforms) = postSolution
		{44E1BA01-FCF5-4430-B8A0-D1798D9B4F31}.Debug|Any CPU.ActiveCfg = Debug|Any CPU
		{44E1BA01-FCF5-4430-B8A0-D1798D9B4F31}.Debug|Any CPU.Build.0 = Debug|Any CPU
		{44E1BA01-FCF5-4430-B8A0-D1798D9B4F31}.Release|Any CPU.ActiveCfg = Release|Any CPU
		{44E1BA01-FCF5-4430-B8A0-D1798D9B4F31}.Release|Any CPU.Build.0 = Release|Any CPU
	EndGlobalSection
	GlobalSection(SolutionProperties) = preSolution
		HideSolutionNode = FALSE
	EndGlobalSection
	GlobalSection(ExtensibilityGlobals) = postSolution
		SolutionGuid = {543EC4FD-8674-4355-BB77-3E587DF54FF1}
	EndGlobalSection
EndGlobal
